{
  "name": "training-mnist",
  "version": "1.0.0",
  "lockfileVersion": 1,
  "requires": true,
  "dependencies": {
    "jpeg-js": {
      "version": "0.3.4",
      "resolved": "https://registry.npmjs.org/jpeg-js/-/jpeg-js-0.3.4.tgz",
      "integrity": "sha512-6IzjQxvnlT8UlklNmDXIJMWxijULjqGrzgqc0OG7YadZdvm7KPQ1j0ehmQQHckgEWOfgpptzcnWgESovxudpTA=="
    },
    "opentype.js": {
      "version": "0.4.11",
      "resolved": "https://registry.npmjs.org/opentype.js/-/opentype.js-0.4.11.tgz",
      "integrity": "sha1-KBojkGOcwVkxyVXY1jwUp8d3K0E="
    },
    "pngjs": {
      "version": "3.3.3",
      "resolved": "https://registry.npmjs.org/pngjs/-/pngjs-3.3.3.tgz",
      "integrity": "sha512-1n3Z4p3IOxArEs1VRXnZ/RXdfEniAUS9jb68g58FIXMNkPJeZd+Qh4Uq7/e0LVxAQGos1eIUrqrt4FpjdnEd+Q=="
    },
    "pureimage": {
      "version": "0.1.6",
      "resolved": "https://registry.npmjs.org/pureimage/-/pureimage-0.1.6.tgz",
      "integrity": "sha512-t74leLaXyD3VGmMbcFZNWZoHqPQNX805gHYNBCrNEVRjUkDfdlopLJnDJI9QYdhWXwtNiD02coq+NB7+CryAwg==",
      "requires": {
        "jpeg-js": "0.3.4",
        "opentype.js": "0.4.11",
        "pngjs": "3.3.3"
      }
    }
  }
}
